
Microsoft Visual Studio Solution File, Format Version 12.00
# Visual Studio Version 16
VisualStudioVersion = 16.0.30128.74
MinimumVisualStudioVersion = 15.0.26124.0
Project("{9A19103F-16F7-4668-BE54-9A1E7A4F7556}") = "SmartSql.CAP", "src\SmartSql.CAP\SmartSql.CAP.csproj", "{91FF9C62-74BA-4EB5-B604-9AF870BBE2B4}"
EndProject
Project("{2150E333-8FDC-42A3-9474-1A3956D46DE8}") = "src", "src", "{83275A07-3731-4053-A71F-B59929EED760}"
EndProject
Project("{2150E333-8FDC-42A3-9474-1A3956D46DE8}") = "Solution Items", "Solution Items", "{B1F483A7-B46E-4201-81FF-25E824EA41C6}"
	ProjectSection(SolutionItems) = preProject
		README.md = README.md
	EndProjectSection
EndProject
Project("{2150E333-8FDC-42A3-9474-1A3956D46DE8}") = "samples", "samples", "{797C9720-F79D-4238-9CD4-1DD0387F09F9}"
EndProject
Project("{9A19103F-16F7-4668-BE54-9A1E7A4F7556}") = "Sample.RabbitMQ.MySql", "samples\Sample.RabbitMQ.MySql\Sample.RabbitMQ.MySql.csproj", "{870D5942-F07D-4FE0-B3CE-87C3457E5E8C}"
EndProject
Global
	GlobalSection(SolutionConfigurationPlatforms) = preSolution
		Debug|Any CPU = Debug|Any CPU
		Debug|x64 = Debug|x64
		Debug|x86 = Debug|x86
		Release|Any CPU = Release|Any CPU
		Release|x64 = Release|x64
		Release|x86 = Release|x86
	EndGlobalSection
	GlobalSection(ProjectConfigurationPlatforms) = postSolution
		{91FF9C62-74BA-4EB5-B604-9AF870BBE2B4}.Debug|Any CPU.ActiveCfg = Debug|Any CPU
		{91FF9C62-74BA-4EB5-B604-9AF870BBE2B4}.Debug|Any CPU.Build.0 = Debug|Any CPU
		{91FF9C62-74BA-4EB5-B604-9AF870BBE2B4}.Debug|x64.ActiveCfg = Debug|Any CPU
		{91FF9C62-74BA-4EB5-B604-9AF870BBE2B4}.Debug|x64.Build.0 = Debug|Any CPU
		{91FF9C62-74BA-4EB5-B604-9AF870BBE2B4}.Debug|x86.ActiveCfg = Debug|Any CPU
		{91FF9C62-74BA-4EB5-B604-9AF870BBE2B4}.Debug|x86.Build.0 = Debug|Any CPU
		{91FF9C62-74BA-4EB5-B604-9AF870BBE2B4}.Release|Any CPU.ActiveCfg = Release|Any CPU
		{91FF9C62-74BA-4EB5-B604-9AF870BBE2B4}.Release|Any CPU.Build.0 = Release|Any CPU
		{91FF9C62-74BA-4EB5-B604-9AF870BBE2B4}.Release|x64.ActiveCfg = Release|Any CPU
		{91FF9C62-74BA-4EB5-B604-9AF870BBE2B4}.Release|x64.Build.0 = Release|Any CPU
		{91FF9C62-74BA-4EB5-B604-9AF870BBE2B4}.Release|x86.ActiveCfg = Release|Any CPU
		{91FF9C62-74BA-4EB5-B604-9AF870BBE2B4}.Release|x86.Build.0 = Release|Any CPU
		{870D5942-F07D-4FE0-B3CE-87C3457E5E8C}.Debug|Any CPU.ActiveCfg = Debug|Any CPU
		{870D5942-F07D-4FE0-B3CE-87C3457E5E8C}.Debug|Any CPU.Build.0 = Debug|Any CPU
		{870D5942-F07D-4FE0-B3CE-87C3457E5E8C}.Debug|x64.ActiveCfg = Debug|Any CPU
		{870D5942-F07D-4FE0-B3CE-87C3457E5E8C}.Debug|x64.Build.0 = Debug|Any CPU
		{870D5942-F07D-4FE0-B3CE-87C3457E5E8C}.Debug|x86.ActiveCfg = Debug|Any CPU
		{870D5942-F07D-4FE0-B3CE-87C3457E5E8C}.Debug|x86.Build.0 = Debug|Any CPU
		{870D5942-F07D-4FE0-B3CE-87C3457E5E8C}.Release|Any CPU.ActiveCfg = Release|Any CPU
		{870D5942-F07D-4FE0-B3CE-87C3457E5E8C}.Release|Any CPU.Build.0 = Release|Any CPU
		{870D5942-F07D-4FE0-B3CE-87C3457E5E8C}.Release|x64.ActiveCfg = Release|Any CPU
		{870D5942-F07D-4FE0-B3CE-87C3457E5E8C}.Release|x64.Build.0 = Release|Any CPU
		{870D5942-F07D-4FE0-B3CE-87C3457E5E8C}.Release|x86.ActiveCfg = Release|Any CPU
		{870D5942-F07D-4FE0-B3CE-87C3457E5E8C}.Release|x86.Build.0 = Release|Any CPU
	EndGlobalSection
	GlobalSection(SolutionProperties) = preSolution
		HideSolutionNode = FALSE
	EndGlobalSection
	GlobalSection(NestedProjects) = preSolution
		{91FF9C62-74BA-4EB5-B604-9AF870BBE2B4} = {83275A07-3731-4053-A71F-B59929EED760}
		{870D5942-F07D-4FE0-B3CE-87C3457E5E8C} = {797C9720-F79D-4238-9CD4-1DD0387F09F9}
	EndGlobalSection
	GlobalSection(ExtensibilityGlobals) = postSolution
		SolutionGuid = {08323674-4485-441E-A77C-8D976F12F434}
	EndGlobalSection
EndGlobal
